<?xml version="1.0" encoding="utf-8"?>
<Project ToolsVersion="4.0" xmlns="http://schemas.microsoft.com/developer/msbuild/2003">
  <ItemGroup>
    <Filter Include="Source Files">
      <UniqueIdentifier>{9c1f47ef-6cb9-4631-b934-8c6255b1e9aa}</UniqueIdentifier>
      <Extensions>cpp;c;cxx;rc;def;r;odl;idl;hpj;bat</Extensions>
    </Filter>
    <Filter Include="Header Files">
      <UniqueIdentifier>{54e186b0-c9f8-4ca8-a471-04341da42fb5}</UniqueIdentifier>
      <Extensions>h;hpp;hxx;hm;inl</Extensions>
    </Filter>
    <Filter Include="Resource Files">
      <UniqueIdentifier>{251102fb-ec4a-4297-b090-2bdb112cd303}</UniqueIdentifier>
      <Extensions>ico;cur;bmp;dlg;rc2;rct;bin;rgs;gif;jpg;jpeg;jpe</Extensions>
    </Filter>
  </ItemGroup>
  <ItemGroup>
    <ClCompile Include="MyFunc.cpp">
      <Filter>Source Files</Filter>
    </ClCompile>
  </ItemGroup>
  <ItemGroup>
    <ClInclude Include="1dmem_template_class.h">
      <Filter>Header Files</Filter>
    </ClInclude>
    <ClInclude Include="2dmem_template_class.h">
      <Filter>Header Files</Filter>
    </ClInclude>
    <ClInclude Include="convolve.h">
      <Filter>Header Files</Filter>
    </ClInclude>
    <ClInclude Include="disjoint-set.h">
      <Filter>Header Files</Filter>
    </ClInclude>
    <ClInclude Include="filter.h">
      <Filter>Header Files</Filter>
    </ClInclude>
    <ClInclude Include="image.h">
      <Filter>Header Files</Filter>
    </ClInclude>
    <ClInclude Include="imconv.h">
      <Filter>Header Files</Filter>
    </ClInclude>
    <ClInclude Include="imutil.h">
      <Filter>Header Files</Filter>
    </ClInclude>
    <ClInclude Include="misc.h">
      <Filter>Header Files</Filter>
    </ClInclude>
    <ClInclude Include="pnmfile.h">
      <Filter>Header Files</Filter>
    </ClInclude>
    <ClInclude Include="segment-graph.h">
      <Filter>Header Files</Filter>
    </ClInclude>
    <ClInclude Include="segment-image.h">
      <Filter>Header Files</Filter>
    </ClInclude>
  </ItemGroup>
  <ItemGroup>
    <CustomBuild Include="MyFunc.def">
      <Filter>Source Files</Filter>
    </CustomBuild>
  </ItemGroup>
</Project>